PODS:
  - AFNetworking (2.6.3):
    - AFNetworking/NSURLConnection (= 2.6.3)
    - AFNetworking/NSURLSession (= 2.6.3)
    - AFNetworking/Reachability (= 2.6.3)
    - AFNetworking/Security (= 2.6.3)
    - AFNetworking/Serialization (= 2.6.3)
    - AFNetworking/UIKit (= 2.6.3)
  - AFNetworking/NSURLConnection (2.6.3):
    - AFNetworking/Reachability
    - AFNetworking/Security
    - AFNetworking/Serialization
  - AFNetworking/NSURLSession (2.6.3):
    - AFNetworking/Reachability
    - AFNetworking/Security
    - AFNetworking/Serialization
  - AFNetworking/Reachability (2.6.3)
  - AFNetworking/Security (2.6.3)
  - AFNetworking/Serialization (2.6.3)
  - AFNetworking/UIKit (2.6.3):
    - AFNetworking/NSURLConnection
    - AFNetworking/NSURLSession
  - Cosmos (15.0.0)
  - Differentiator (3.0.2)
  - FBSnapshotTestCase (2.1.4):
    - FBSnapshotTestCase/SwiftSupport (= 2.1.4)
  - FBSnapshotTestCase/Core (2.1.4)
  - FBSnapshotTestCase/SwiftSupport (2.1.4):
    - FBSnapshotTestCase/Core
  - HandyJSON (4.0.0-beta.1)
  - iOSSnapshotTestCase (2.2.0):
    - iOSSnapshotTestCase/SwiftSupport (= 2.2.0)
  - iOSSnapshotTestCase/Core (2.2.0)
  - iOSSnapshotTestCase/SwiftSupport (2.2.0):
    - iOSSnapshotTestCase/Core
  - IQKeyboardManagerSwift (5.0.8)
  - KNSemiModalViewController_hons82 (0.4.5)
  - MD5Digest (1.1.0)
  - MGActionStageSwift (0.0.3):
    - MGActionStageSwift/ActionStageSwift (= 0.0.3)
  - MGActionStageSwift/ActionStageSwift (0.0.3)
  - MGActionStageSwift/MGActionStageSwift_Extension (0.0.3):
    - MGActionStageSwift/ActionStageSwift
  - MGArrayExtensions (1.0.0)
  - MGAssociationMenuView (1.0.0):
    - SnapKit
  - MGBricks (0.3.1):
    - HandyJSON (~> 4.0.0-beta.1)
  - MGCore (4.0.0):
    - RxCocoa
    - RxSwift
    - SwiftyBeaver
  - MGDeeplinkNavigator (0.0.6):
    - MGDeeplinkNavigator/DeeplinkNavigator (= 0.0.6)
  - MGDeeplinkNavigator/DeeplinkNavigator (0.0.6)
  - MGDeeplinkNavigator/MGDeeplinkNavigator_Extension (0.0.6):
    - MGDeeplinkNavigator/DeeplinkNavigator
  - MGOCKit/MGFunnySliders (1.0.0)
  - MGOCKit/MGSGPopSelectView (1.0.0):
    - ReactiveCocoa (= 2.5)
  - MGOCKit/PPDragDropBadgeView (1.0.0)
  - MGProgressHUD (3.1.1)
  - MGRequest (0.0.8):
    - HandyJSON (~> 4.0.0-beta.1)
    - MGCore
    - Result
    - RxSwift
    - SporeNetworking
  - MGRxActivityIndicator (0.1.0):
    - RxCocoa (~> 4.0)
    - RxSwift (~> 4.0)
  - MGRxKitchen (4.0.25):
    - MGCore
    - MGRequest
    - MGRxKitchen/RxMogoBaseConfiguration (= 4.0.25)
    - MGRxKitchen/RxMogoBinding (= 4.0.25)
    - MGRxKitchen/RxMogoForActionStage (= 4.0.25)
    - MGRxKitchen/RxMogoForLoadingRefresher (= 4.0.25)
    - MGRxKitchen/RxMogoForMGProgressErrors (= 4.0.25)
    - MGRxKitchen/RxMogoForMixer (= 4.0.25)
    - MGRxKitchen/RxMogoForMJRefresher (= 4.0.25)
    - MGRxKitchen/RxMogoForNetworkingProcessing (= 4.0.25)
    - MGRxKitchen/RxMogoForSuperAlert (= 4.0.25)
    - MGRxKitchen/RxMogoForTableView (= 4.0.25)
    - MGRxKitchen/RxMogoForTexts (= 4.0.25)
    - NSObject+Rx
  - MGRxKitchen/RxMogoBaseConfiguration (4.0.25):
    - MGCore
    - MGRequest
    - NSObject+Rx
  - MGRxKitchen/RxMogoBinding (4.0.25):
    - MGCore
    - MGRequest
    - NSObject+Rx
  - MGRxKitchen/RxMogoForActionStage (4.0.25):
    - MGActionStageSwift
    - MGCore
    - MGProgressHUD
    - MGRequest
    - MGRxActivityIndicator
    - MGRxKitchen/RxMogoForMGProgressErrors
    - NSObject+Rx
  - MGRxKitchen/RxMogoForLoadingRefresher (4.0.25):
    - MGCore
    - MGRequest
    - NSObject+Rx
  - MGRxKitchen/RxMogoForMGProgressErrors (4.0.25):
    - MGCore
    - MGProgressHUD
    - MGRequest
    - MGRxKitchen/RxMogoForNetworkingProcessing
    - NSObject+Rx
    - Request
  - MGRxKitchen/RxMogoForMixer (4.0.25):
    - MGCore
    - MGProgressHUD
    - MGRequest
    - MGRxKitchen/RxMogoBaseConfiguration
    - MGRxKitchen/RxMogoForMGProgressErrors
    - MGRxKitchen/RxMogoForMJRefresher
    - MGRxKitchen/RxMogoForNetworkingProcessing
    - MGRxKitchen/RxMogoForTableView
    - NSObject+Rx
  - MGRxKitchen/RxMogoForMJRefresher (4.0.25):
    - MGCore
    - MGProgressHUD
    - MGRequest
    - MGRxKitchen/RxMogoBaseConfiguration
    - MJRefresh
    - NSObject+Rx
  - MGRxKitchen/RxMogoForNetworkingProcessing (4.0.25):
    - MGCore
    - MGRequest
    - MGRxActivityIndicator
    - NSObject+Rx
    - Request
    - Result
  - MGRxKitchen/RxMogoForSuperAlert (4.0.25):
    - MGCore
    - MGRequest
    - MGRxKitchen/RxMogoForMixer
    - MGUIKit/MGAlertView
    - NSObject+Rx
  - MGRxKitchen/RxMogoForTableView (4.0.25):
    - MGCore
    - MGRequest
    - NSObject+Rx
    - RxDataSources
  - MGRxKitchen/RxMogoForTexts (4.0.25):
    - MGCore
    - MGRequest
    - NSObject+Rx
  - MGUIKit (4.0.0):
    - MGCore
    - MGUIKit/MGAlertView (= 4.0.0)
    - MGUIKit/MGBaseH5VC (= 4.0.0)
    - MGUIKit/MGBlurPresent (= 4.0.0)
    - MGUIKit/MGCitySelect (= 4.0.0)
    - MGUIKit/MGCollectionViewStickyLayout (= 4.0.0)
    - MGUIKit/MGCommonUsedFilters (= 4.0.0)
    - MGUIKit/MGDatePicker (= 4.0.0)
    - MGUIKit/MGDatePickerViewController (= 4.0.0)
    - MGUIKit/MGDialingCaller (= 4.0.0)
    - MGUIKit/MGImageFactory (= 4.0.0)
    - MGUIKit/MGInstructions (= 4.0.0)
    - MGUIKit/MGPickerSelectKit (= 4.0.0)
    - MGUIKit/MGProgressView (= 4.0.0)
    - MGUIKit/MGRippleView (= 4.0.0)
    - MGUIKit/MGStarCommentCell (= 4.0.0)
    - MGUIKit/MGStarCommentView (= 4.0.0)
    - MGUIKit/MGSuperTitleView (= 4.0.0)
    - MGUIKit/PasswordAlertView (= 4.0.0)
    - MGUIKit/TableSelectionViewController (= 4.0.0)
    - SnapKit
  - MGUIKit/MGAlertView (4.0.0):
    - MGCore
    - MGUIKit/MGBlurPresent
    - MGUIKit/MGImageFactory
    - pop
    - SnapKit
  - MGUIKit/MGBaseH5VC (4.0.0):
    - MGBricks
    - MGCore
    - MGDeeplinkNavigator
    - MGProgressHUD
    - NSObject+Rx
    - Result
    - RxCocoa
    - RxSwift
    - SnapKit
    - WebJSBridge
  - MGUIKit/MGBlurPresent (4.0.0):
    - MGCore
    - SnapKit
    - SwiftImageEffects
  - MGUIKit/MGCitySelect (4.0.0):
    - MGAssociationMenuView
    - MGCore
    - RxCocoa
    - RxSwift
    - SnapKit
  - MGUIKit/MGCollectionViewStickyLayout (4.0.0):
    - MGCore
    - SnapKit
  - MGUIKit/MGCommonUsedFilters (4.0.0):
    - MGArrayExtensions
    - MGAssociationMenuView
    - MGCore
    - MGOCKit/MGFunnySliders
    - MGOCKit/MGSGPopSelectView
    - MGOCKit/PPDragDropBadgeView
    - MGProgressHUD
    - MGUIKit/MGImageFactory
    - RxCocoa
    - RxSwift
    - SnapKit
    - THCalendarDatePicker
  - MGUIKit/MGDatePicker (4.0.0):
    - MGCore
    - MGUIKit/MGBlurPresent
    - RxSwift
    - SnapKit
  - MGUIKit/MGDatePickerViewController (4.0.0):
    - KNSemiModalViewController_hons82
    - MGCore
    - MGProgressHUD
    - RxCocoa
    - RxSwift
    - SnapKit
  - MGUIKit/MGDialingCaller (4.0.0):
    - MGCore
    - MGProgressHUD
    - SnapKit
  - MGUIKit/MGImageFactory (4.0.0):
    - MGCore
    - SDWebImage
    - SnapKit
  - MGUIKit/MGInstructions (4.0.0):
    - MGCore
    - SnapKit
  - MGUIKit/MGPickerSelectKit (4.0.0):
    - MGCore
    - RxDataSources
    - SnapKit
  - MGUIKit/MGProgressView (4.0.0):
    - MGCore
    - SnapKit
  - MGUIKit/MGRippleView (4.0.0):
    - MGCore
    - SnapKit
  - MGUIKit/MGStarCommentCell (4.0.0):
    - Cosmos
    - MGCore
    - RSKPlaceholderTextView
    - SnapKit
  - MGUIKit/MGStarCommentView (4.0.0):
    - Cosmos
    - MGCore
    - RxCocoa
    - RxSwift
    - SnapKit
  - MGUIKit/MGSuperTitleView (4.0.0):
    - MGCore
    - SnapKit
  - MGUIKit/PasswordAlertView (4.0.0):
    - IQKeyboardManagerSwift
    - MGCore
    - SnapKit
  - MGUIKit/TableSelectionViewController (4.0.0):
    - KNSemiModalViewController_hons82
    - MGCore
    - RxCocoa
    - RxSwift
    - SnapKit
  - MGWingsCenter (1.1.0):
    - MGBricks (>= 0.3.1)
    - MGWingsCenter/ActionStageWings (= 1.1.0)
    - MGWingsCenter/LifeCycleWings (= 1.1.0)
    - MGWingsCenter/NavigationWings (= 1.1.0)
    - MGWingsCenter/RequestWings (= 1.1.0)
    - MGWingsCenter/WingsFactory (= 1.1.0)
    - SporeNetworking
  - MGWingsCenter/ActionStageWings (1.1.0):
    - MGActionStageSwift
    - MGActionStageSwift/MGActionStageSwift_Extension
    - MGBricks (>= 0.3.1)
    - MGWingsCenter/WingsFactory
    - SporeNetworking
  - MGWingsCenter/LifeCycleWings (1.1.0):
    - MGBricks (>= 0.3.1)
    - MGCore
    - MGWingsCenter/WingsFactory
    - SporeNetworking
  - MGWingsCenter/NavigationWings (1.1.0):
    - MGActionStageSwift
    - MGBricks (>= 0.3.1)
    - MGDeeplinkNavigator
    - MGDeeplinkNavigator/MGDeeplinkNavigator_Extension
    - MGWingsCenter/WingsFactory
    - SporeNetworking
  - MGWingsCenter/RequestWings (1.1.0):
    - MGBricks (>= 0.3.1)
    - MGCore
    - SporeNetworking
  - MGWingsCenter/WingsFactory (1.1.0):
    - MGBricks (>= 0.3.1)
    - SporeNetworking
  - MJRefresh (3.1.15.3)
  - Nimble (7.0.3)
  - Nimble-Snapshots (6.4.1):
    - Nimble-Snapshots/Core (= 6.4.1)
  - Nimble-Snapshots/Core (6.4.1):
    - iOSSnapshotTestCase (~> 2.0)
    - Nimble (~> 7.0)
  - NSObject+Rx (4.3.0):
    - RxSwift (~> 4.0)
  - pop (1.0.10)
  - Quick (1.2.0)
  - ReactiveCocoa (2.5):
    - ReactiveCocoa/UI (= 2.5)
  - ReactiveCocoa/Core (2.5):
    - ReactiveCocoa/no-arc
  - ReactiveCocoa/no-arc (2.5)
  - ReactiveCocoa/UI (2.5):
    - ReactiveCocoa/Core
  - Request (0.1.3):
    - AFNetworking (~> 2.3)
    - MD5Digest
    - SVProgressHUD
  - Result (3.2.4)
  - RSKPlaceholderTextView (3.0.0)
  - RxCocoa (4.1.2):
    - RxSwift (~> 4.0)
  - RxDataSources (3.0.2):
    - Differentiator (~> 3.0)
    - RxCocoa (~> 4.0)
    - RxSwift (~> 4.0)
  - RxSwift (4.1.2)
  - SDWebImage (4.3.3):
    - SDWebImage/Core (= 4.3.3)
  - SDWebImage/Core (4.3.3)
  - SnapKit (4.0.0)
  - SporeNetworking (0.2.2):
    - Result (~> 3.0)
  - SVProgressHUD (2.2.5)
  - SwiftImageEffects (0.1.0):
    - SwiftImageEffects/Accelerate (= 0.1.0)
    - SwiftImageEffects/CoreImage (= 0.1.0)
    - SwiftImageEffects/extensions (= 0.1.0)
  - SwiftImageEffects/Accelerate (0.1.0)
  - SwiftImageEffects/CoreImage (0.1.0)
  - SwiftImageEffects/extensions (0.1.0)
  - SwiftLinter (0.7.7)
  - SwiftyBeaver (1.5.1)
  - THCalendarDatePicker (1.2.8):
    - KNSemiModalViewController_hons82 (~> 0.4.5)
  - WebJSBridge (2.0.0)

DEPENDENCIES:
  - FBSnapshotTestCase
  - MGCore (from `http://git.mogo.com/NeXTPod/MGCore.git`, branch `chausson`)
  - MGRxKitchen (from `../`)
  - MGUIKit (from `http://git.mogo.com/NexT/MGUIKitchen.git`, branch `chausson`)
  - MGWingsCenter (from `http://git.mogo.com/NexT/MGWingKits.git`, branch `chausson`)
  - Nimble
  - Nimble-Snapshots
  - Quick
  - SwiftLinter (from `http://git.mogo.com/NexT/SwiftLinter.git`)

EXTERNAL SOURCES:
  MGCore:
    :branch: chausson
    :git: http://git.mogo.com/NeXTPod/MGCore.git
  MGRxKitchen:
    :path: ../
  MGUIKit:
    :branch: chausson
    :git: http://git.mogo.com/NexT/MGUIKitchen.git
  MGWingsCenter:
    :branch: chausson
    :git: http://git.mogo.com/NexT/MGWingKits.git
  SwiftLinter:
    :git: http://git.mogo.com/NexT/SwiftLinter.git

CHECKOUT OPTIONS:
  MGCore:
    :commit: 0aae9000fde9b8f46cb2a7cb36cf394f7017e9da
    :git: http://git.mogo.com/NeXTPod/MGCore.git
  MGUIKit:
    :commit: aa899cdbf94bd4ef165894e794aff101a07fe136
    :git: http://git.mogo.com/NexT/MGUIKitchen.git
  MGWingsCenter:
    :commit: 9117851edfb5f6eb41fa20fcabe2f02a91936632
    :git: http://git.mogo.com/NexT/MGWingKits.git
  SwiftLinter:
    :commit: f9774bd3f19e9e93b2717d1576e07022d0d0b2ea
    :git: http://git.mogo.com/NexT/SwiftLinter.git

SPEC CHECKSUMS:
  AFNetworking: cb8d14a848e831097108418f5d49217339d4eb60
  Cosmos: a6dbd3d0baa0cc8f51f8598f7508d5a09d0a9ade
  Differentiator: a87be69eba49ec4ab460c7671143ee3a9eececfd
  FBSnapshotTestCase: 094f9f314decbabe373b87cc339bea235a63e07a
  HandyJSON: 428bb18e2c34c2a77361accebf90cf64e4f74118
  iOSSnapshotTestCase: 415bd84f9dbba4ff45fede49d800bc7332fbedac
  IQKeyboardManagerSwift: 2e7dc7f98c111458c1ea2b373f893e8cf95e2b97
  KNSemiModalViewController_hons82: 0ef0ef5ed7c3814ddd0fa9c884ab74d5495de16b
  MD5Digest: fea371215507cfcdc3c9633d02cffc7fd075ebc3
  MGActionStageSwift: 56d2b19f8a35a5c7c90a17e156658aca7ba78759
  MGArrayExtensions: ba02011505e6855004455a05667639d38e20d0a4
  MGAssociationMenuView: 40bd5a223dfcd01f305d70e9d0f1b96d7f0503f1
  MGBricks: fcfc19b331134b0a8f6b64ed586c77acdd701987
  MGCore: e300f382b9928d5b1bd12e2ee551cc1f2dab81a2
  MGDeeplinkNavigator: 29299eb3fe8ac180827b1b245933eea3c11011fe
  MGOCKit: 5241ef8bfde54acc2fa660e804810eff947a3e72
  MGProgressHUD: cf0ed7620da9b34cfcbb8409a20e157105c1192e
  MGRequest: ad8df06da4958ba781074bcb04a34d4f1884dfb1
  MGRxActivityIndicator: 14e41d0670e28e95d7ef9096661bc3a9772269cc
  MGRxKitchen: e164e45c59559bf5dbf0708af8c4bb620d8eba00
  MGUIKit: 02a678ff25ec70307619c6b371e786d400a0a3e2
  MGWingsCenter: b442cb2753bc0d65a4a2ff4b2d061725b4b99fb1
  MJRefresh: b48380ae2b927b46c4ef000de9adb8dc748e1df7
  Nimble: 7f5a9c447a33002645a071bddafbfb24ea70e0ac
  Nimble-Snapshots: 438fb1a6fa3c655e246fc9ac375f6cd2964d759a
  NSObject+Rx: 9a5eeff5e08156f849fa973514456f28eef08742
  pop: 82ca6b068ce9278fd350fd9dd09482a0ce9492e6
  Quick: 58d203b1c5e27fff7229c4c1ae445ad7069a7a08
  ReactiveCocoa: e2db045570aa97c695e7aa97c2bcab222ae51f4a
  Request: 24822800cf9be5df73dc333690eb41e835c055f5
  Result: d2d07204ce72856f1fd9130bbe42c35a7b0fea10
  RSKPlaceholderTextView: 0ce73a19998e236323b3f1f16bf4a4e4a76c2c28
  RxCocoa: d88ba0f1f6abf040011a9eb4b539324fc426843a
  RxDataSources: cb7c31e652a87ebb919da45f716bbb87b3765f6b
  RxSwift: e49536837d9901277638493ea537394d4b55f570
  SDWebImage: de4d90b5bff3571eae7bd16202b1f43135409fa5
  SnapKit: a42d492c16e80209130a3379f73596c3454b7694
  SporeNetworking: 683b8e06801a706695a3c376e222fa5bc9bde739
  SVProgressHUD: 1428aafac632c1f86f62aa4243ec12008d7a51d6
  SwiftImageEffects: 140570d70c9cf5143f5ea6a53bb6ded7e30b6e7f
  SwiftLinter: 3687a2441d1730878e9b4ccb6242a9747f90bd0e
  SwiftyBeaver: 4f74563624b2c1e821c522c54142b5dd5ebb0f30
  THCalendarDatePicker: fd1a1103ae0d1d1f2d0f9a1463a3f628a23a25a5
  WebJSBridge: 9b2f751824548dc2bd0a9a9dc296b6012d5aa3f7

PODFILE CHECKSUM: 44746efb78ab58f33bad056e8068ca2537cdfc83

COCOAPODS: 1.3.1
