PODS:
  - ActionStageSwift (0.1.5)
  - Differentiator (2.0.2)
  - FBSnapshotTestCase (2.1.4):
    - FBSnapshotTestCase/SwiftSupport (= 2.1.4)
  - FBSnapshotTestCase/Core (2.1.4)
  - FBSnapshotTestCase/SwiftSupport (2.1.4):
    - FBSnapshotTestCase/Core
  - HandyJSON (1.8.0)
  - MGBricks (0.1.15):
    - HandyJSON
  - MGProgressHUD (2.1.16)
  - MGRxKitchen (3.1.5):
    - MGRxKitchen/RxMogoBinding (= 3.1.5)
    - MGRxKitchen/RxMogoForActionStage (= 3.1.5)
    - MGRxKitchen/RxMogoForLoadingRefresher (= 3.1.5)
    - MGRxKitchen/RxMogoForMGProgressErrors (= 3.1.5)
    - MGRxKitchen/RxMogoForMixer (= 3.1.5)
    - MGRxKitchen/RxMogoForMJRefresher (= 3.1.5)
    - MGRxKitchen/RxMogoForNetworkingProcessing (= 3.1.5)
    - MGRxKitchen/RxMogoForTableView (= 3.1.5)
    - NSObject+Rx (= 3.0.0)
    - RxCocoa (= 3.6.1)
    - RxSwift
  - MGRxKitchen/RxMogoBinding (3.1.5):
    - NSObject+Rx (= 3.0.0)
    - RxCocoa (= 3.6.1)
    - RxSwift
  - MGRxKitchen/RxMogoForActionStage (3.1.5):
    - ActionStageSwift (= 0.1.5)
    - MGProgressHUD
    - NSObject+Rx (= 3.0.0)
    - RxCocoa (= 3.6.1)
    - RxSwift
    - RxSwiftUtilities
  - MGRxKitchen/RxMogoForLoadingRefresher (3.1.5):
    - NSObject+Rx (= 3.0.0)
    - RxCocoa (= 3.6.1)
    - RxSwift
  - MGRxKitchen/RxMogoForMGProgressErrors (3.1.5):
    - MGBricks
    - MGProgressHUD
    - MGRxKitchen/RxMogoForNetworkingProcessing
    - NSObject+Rx (= 3.0.0)
    - RxCocoa (= 3.6.1)
    - RxSwift
  - MGRxKitchen/RxMogoForMixer (3.1.5):
    - MGProgressHUD
    - MGRxKitchen/RxMogoForMGProgressErrors
    - MGRxKitchen/RxMogoForMJRefresher
    - MGRxKitchen/RxMogoForNetworkingProcessing
    - MGRxKitchen/RxMogoForTableView
    - NSObject+Rx (= 3.0.0)
    - RxCocoa (= 3.6.1)
    - RxSwift
  - MGRxKitchen/RxMogoForMJRefresher (3.1.5):
    - MJRefresh
    - NSObject+Rx (= 3.0.0)
    - RxCocoa (= 3.6.1)
    - RxSwift
  - MGRxKitchen/RxMogoForNetworkingProcessing (3.1.5):
    - HandyJSON
    - MGBricks
    - NSObject+Rx (= 3.0.0)
    - Result
    - RxCocoa (= 3.6.1)
    - RxSwift
    - RxSwiftUtilities
  - MGRxKitchen/RxMogoForTableView (3.1.5):
    - NSObject+Rx (= 3.0.0)
    - RxCocoa (= 3.6.1)
    - RxDataSources (= 2.0.2)
    - RxSwift
  - MJRefresh (3.1.15)
  - Nimble (7.0.2)
  - Nimble-Snapshots (6.3.0):
    - Nimble-Snapshots/Core (= 6.3.0)
  - Nimble-Snapshots/Core (6.3.0):
    - FBSnapshotTestCase (~> 2.0)
    - Nimble (~> 7.0)
  - NSObject+Rx (3.0.0):
    - RxSwift (~> 3.0)
  - Quick (1.2.0)
  - Result (3.2.4)
  - RxCocoa (3.6.1):
    - RxSwift (~> 3.6)
  - RxDataSources (2.0.2):
    - Differentiator (~> 2.0)
    - RxCocoa (>= 3.6.1)
    - RxSwift (>= 3.6.1)
  - RxSwift (3.6.1)
  - RxSwiftUtilities (1.0.1):
    - RxCocoa (~> 3.0)
    - RxSwift (~> 3.0)
  - SwiftLinter (0.4)

DEPENDENCIES:
  - FBSnapshotTestCase
  - MGRxKitchen (from `../`)
  - Nimble
  - Nimble-Snapshots
  - Quick
  - SwiftLinter (from `http://git.mogo.com/NexT/SwiftLinter.git`)

EXTERNAL SOURCES:
  MGRxKitchen:
    :path: ../
  SwiftLinter:
    :git: http://git.mogo.com/NexT/SwiftLinter.git

CHECKOUT OPTIONS:
  SwiftLinter:
    :commit: 73b6b76e042b6b08420b4fd690a9d724fe7f6ad4
    :git: http://git.mogo.com/NexT/SwiftLinter.git

SPEC CHECKSUMS:
  ActionStageSwift: a052a4f16e47ac02f8f90dc1079159bdbec663b1
  Differentiator: caa9b3957981a2ac8e6b2eac8a676af461caa604
  FBSnapshotTestCase: 094f9f314decbabe373b87cc339bea235a63e07a
  HandyJSON: edaaa3278bf4c4c96d6f7382b80d6b91c88d3bf5
  MGBricks: f4d50dbab48cce21c315639ce558793448e677f9
  MGProgressHUD: f8379842a90fa72ae703d3acdc1e70ba0dbc1738
  MGRxKitchen: de2b2b4cc169baf3e15830592420650f208dc981
  MJRefresh: 9af70f5f9327a2cf87f0fb5929f35fcc2fa638ea
  Nimble: bfe1f814edabba69ff145cb1283e04ed636a67f2
  Nimble-Snapshots: f5459b5b091678dc942d03ec4741cacb58ba4a52
  NSObject+Rx: 9c60a6e602ca647c0b2b34403383c305b1c6edc5
  Quick: 58d203b1c5e27fff7229c4c1ae445ad7069a7a08
  Result: d2d07204ce72856f1fd9130bbe42c35a7b0fea10
  RxCocoa: 84a08739ab186248c7f31ce4ee92d6f8a947d690
  RxDataSources: 7f190474a93a206c082c2d74c4cc9c8f7bea4feb
  RxSwift: f9de85ea20cd2f7716ee5409fc13523dc638e4e4
  RxSwiftUtilities: 57e77c17b885931c37aa038f114f14fd1f478ac2
  SwiftLinter: fe2224c9e62bde0c3a71ce06cd3edb35fc89b554

PODFILE CHECKSUM: 87dd40c7f22e336653451a1da5b9928378320ea2

COCOAPODS: 1.2.1
